<?xml version="1.0" encoding="utf-8"?>
<Project ToolsVersion="4.0" xmlns="http://schemas.microsoft.com/developer/msbuild/2003">
  <ItemGroup>
    <Filter Include="Source Files">
      <UniqueIdentifier>{4FC737F1-C7A5-4376-A066-2A32D752A2FF}</UniqueIdentifier>
      <Extensions>cpp;c;cc;cxx;c++;cppm;ixx;def;odl;idl;hpj;bat;asm;asmx</Extensions>
    </Filter>
    <Filter Include="Header Files">
      <UniqueIdentifier>{93995380-89BD-4b04-88EB-625FBE52EBFB}</UniqueIdentifier>
      <Extensions>h;hh;hpp;hxx;h++;hm;inl;inc;ipp;xsd</Extensions>
    </Filter>
    <Filter Include="Resource Files">
      <UniqueIdentifier>{67DA6AB6-F800-4c08-8B7A-83BB121AAD01}</UniqueIdentifier>
      <Extensions>rc;ico;cur;bmp;dlg;rc2;rct;bin;rgs;gif;jpg;jpeg;jpe;resx;tiff;tif;png;wav;mfcribbon-ms</Extensions>
    </Filter>
    <Filter Include="Source Files\gui">
      <UniqueIdentifier>{2b07f199-a166-45b2-80f9-b8243e1ca9f0}</UniqueIdentifier>
    </Filter>
    <Filter Include="Header Files\gui">
      <UniqueIdentifier>{e5401ae1-296e-4cb7-b0c1-55fb71888b77}</UniqueIdentifier>
    </Filter>
    <Filter Include="Source Files\core">
      <UniqueIdentifier>{20bb0632-48b7-4083-a345-17e26c8eace1}</UniqueIdentifier>
    </Filter>
    <Filter Include="Source Files\shaders">
      <UniqueIdentifier>{8388061e-138f-432e-82d6-c79ad47e1d5d}</UniqueIdentifier>
    </Filter>
    <Filter Include="Header Files\imgui">
      <UniqueIdentifier>{bf7c8a6f-5781-4c01-8d9e-6bd73118264c}</UniqueIdentifier>
    </Filter>
    <Filter Include="Source Files\imgui">
      <UniqueIdentifier>{86bd5698-61f2-4bc3-a31d-e71e59c5ccef}</UniqueIdentifier>
    </Filter>
    <Filter Include="Header Files\core">
      <UniqueIdentifier>{1af31543-fc03-4f92-ba5c-7605af70c2e7}</UniqueIdentifier>
    </Filter>
    <Filter Include="Source Files\graphics">
      <UniqueIdentifier>{60c52a54-bd4f-402c-9e84-f0bbec843c5f}</UniqueIdentifier>
    </Filter>
    <Filter Include="Source Files\graphics\textures">
      <UniqueIdentifier>{30e0d87c-058a-4b28-bb6a-bf4748fb44b0}</UniqueIdentifier>
    </Filter>
    <Filter Include="Source Files\graphics\shaders">
      <UniqueIdentifier>{4de644cf-cc8c-4146-a7f1-8c120addd2b7}</UniqueIdentifier>
    </Filter>
    <Filter Include="Header Files\graphics">
      <UniqueIdentifier>{14954019-3017-47a7-bc9f-40b84b5bf795}</UniqueIdentifier>
    </Filter>
    <Filter Include="Header Files\graphics\textures">
      <UniqueIdentifier>{92b4d3dd-d06f-445e-8605-c0cf1b74987c}</UniqueIdentifier>
    </Filter>
    <Filter Include="Header Files\graphics\models">
      <UniqueIdentifier>{c3606044-7a8f-41ce-916b-220405aa0b4d}</UniqueIdentifier>
    </Filter>
    <Filter Include="Source Files\graphics\models">
      <UniqueIdentifier>{4d65b2e6-43a3-4181-ad4b-0acfa15c6ff3}</UniqueIdentifier>
    </Filter>
  </ItemGroup>
  <ItemGroup>
    <ClCompile Include="..\..\VSProjects\FantasyMagic\src\glad.c">
      <Filter>Source Files</Filter>
    </ClCompile>
    <ClCompile Include="source\gui\gui_window.cpp">
      <Filter>Source Files\gui</Filter>
    </ClCompile>
    <ClCompile Include="source\core\main.cpp">
      <Filter>Source Files\core</Filter>
    </ClCompile>
    <ClCompile Include="source\gui\console_gui.cpp">
      <Filter>Source Files\gui</Filter>
    </ClCompile>
    <ClCompile Include="source\gui\gui_manager.cpp">
      <Filter>Source Files\gui</Filter>
    </ClCompile>
    <ClCompile Include="lib\imgui\imgui.cpp">
      <Filter>Source Files\imgui</Filter>
    </ClCompile>
    <ClCompile Include="lib\imgui\imgui_demo.cpp">
      <Filter>Source Files\imgui</Filter>
    </ClCompile>
    <ClCompile Include="lib\imgui\imgui_draw.cpp">
      <Filter>Source Files\imgui</Filter>
    </ClCompile>
    <ClCompile Include="lib\imgui\imgui_impl_opengl3.cpp">
      <Filter>Source Files\imgui</Filter>
    </ClCompile>
    <ClCompile Include="lib\imgui\imgui_impl_sdl3.cpp">
      <Filter>Source Files\imgui</Filter>
    </ClCompile>
    <ClCompile Include="lib\imgui\imgui_tables.cpp">
      <Filter>Source Files\imgui</Filter>
    </ClCompile>
    <ClCompile Include="lib\imgui\imgui_widgets.cpp">
      <Filter>Source Files\imgui</Filter>
    </ClCompile>
    <ClCompile Include="source\gui\hierarchy_gui.cpp">
      <Filter>Source Files\gui</Filter>
    </ClCompile>
    <ClCompile Include="source\gui\scene_gui.cpp">
      <Filter>Source Files\gui</Filter>
    </ClCompile>
    <ClCompile Include="source\core\console.cpp">
      <Filter>Source Files\core</Filter>
    </ClCompile>
    <ClCompile Include="source\graphics\textures\render_texture.cpp">
      <Filter>Source Files\graphics\textures</Filter>
    </ClCompile>
    <ClCompile Include="source\graphics\textures\texture2d.cpp">
      <Filter>Source Files\graphics\textures</Filter>
    </ClCompile>
    <ClCompile Include="source\core\camera.cpp">
      <Filter>Source Files\core</Filter>
    </ClCompile>
    <ClCompile Include="source\core\transform.cpp">
      <Filter>Source Files\core</Filter>
    </ClCompile>
    <ClCompile Include="source\graphics\renderable.cpp">
      <Filter>Source Files\graphics</Filter>
    </ClCompile>
    <ClCompile Include="source\core\resource_loader.cpp">
      <Filter>Source Files\core</Filter>
    </ClCompile>
    <ClCompile Include="source\graphics\shader.cpp">
      <Filter>Source Files\graphics\shaders</Filter>
    </ClCompile>
    <ClCompile Include="source\core\component.cpp">
      <Filter>Source Files\core</Filter>
    </ClCompile>
    <ClCompile Include="source\core\time.cpp">
      <Filter>Source Files\core</Filter>
    </ClCompile>
    <ClCompile Include="source\core\input.cpp">
      <Filter>Source Files\core</Filter>
    </ClCompile>
    <ClCompile Include="source\core\player_settings.cpp">
      <Filter>Source Files\core</Filter>
    </ClCompile>
    <ClCompile Include="source\graphics\render_pipeline.cpp">
      <Filter>Source Files\graphics</Filter>
    </ClCompile>
    <ClCompile Include="source\graphics\material.cpp">
      <Filter>Source Files\graphics</Filter>
    </ClCompile>
    <ClCompile Include="source\graphics\mesh.cpp">
      <Filter>Source Files\graphics</Filter>
    </ClCompile>
    <ClCompile Include="source\graphics\vertex_attribute.cpp">
      <Filter>Source Files\graphics</Filter>
    </ClCompile>
    <ClCompile Include="source\core\engine_object.cpp">
      <Filter>Source Files\core</Filter>
    </ClCompile>
    <ClCompile Include="source\core\engine.cpp">
      <Filter>Source Files\core</Filter>
    </ClCompile>
    <ClCompile Include="source\graphics\models\cube.cpp">
      <Filter>Source Files\graphics\models</Filter>
    </ClCompile>
    <ClCompile Include="source\core\physics\aabb.cpp">
      <Filter>Source Files</Filter>
    </ClCompile>
    <ClCompile Include="game\src\world\world_manager.cpp">
      <Filter>Source Files</Filter>
    </ClCompile>
    <ClCompile Include="game\src\world\sub_chunk.cpp">
      <Filter>Source Files</Filter>
    </ClCompile>
    <ClCompile Include="game\src\world\chunk.cpp">
      <Filter>Source Files</Filter>
    </ClCompile>
    <ClCompile Include="game\src\world\chunk_builder.cpp">
      <Filter>Source Files</Filter>
    </ClCompile>
    <ClCompile Include="source\data\palette_compressor.cpp">
      <Filter>Source Files</Filter>
    </ClCompile>
    <ClCompile Include="game\src\world\naive_block_storage.cpp">
      <Filter>Source Files</Filter>
    </ClCompile>
    <ClCompile Include="game\src\helpers\coordinate_helper.cpp">
      <Filter>Source Files</Filter>
    </ClCompile>
    <ClCompile Include="game\src\data\block.cpp">
      <Filter>Source Files</Filter>
    </ClCompile>
    <ClCompile Include="source\graphics\models\fullscreen_quad_mesh.cpp">
      <Filter>Source Files</Filter>
    </ClCompile>
    <ClCompile Include="source\graphics\post_processing\post_effect.cpp">
      <Filter>Source Files</Filter>
    </ClCompile>
    <ClCompile Include="game\src\world\world_noise_generator.cpp">
      <Filter>Source Files</Filter>
    </ClCompile>
    <ClCompile Include="source\graphics\textures\depth_texture.cpp">
      <Filter>Source Files</Filter>
    </ClCompile>
    <ClCompile Include="texture_cube.cpp">
      <Filter>Source Files</Filter>
    </ClCompile>
    <ClCompile Include="game\src\player\player_movement.cpp">
      <Filter>Source Files</Filter>
    </ClCompile>
  </ItemGroup>
  <ItemGroup>
    <ClInclude Include="include\gui\gui_window.h">
      <Filter>Header Files\gui</Filter>
    </ClInclude>
    <ClInclude Include="include\gui\gui_manager.h">
      <Filter>Header Files\gui</Filter>
    </ClInclude>
    <ClInclude Include="include\gui\console_gui.h">
      <Filter>Header Files\gui</Filter>
    </ClInclude>
    <ClInclude Include="lib\imgui\imconfig.h">
      <Filter>Header Files\imgui</Filter>
    </ClInclude>
    <ClInclude Include="lib\imgui\imgui.h">
      <Filter>Header Files\imgui</Filter>
    </ClInclude>
    <ClInclude Include="lib\imgui\imgui_impl_opengl3.h">
      <Filter>Header Files\imgui</Filter>
    </ClInclude>
    <ClInclude Include="lib\imgui\imgui_impl_opengl3_loader.h">
      <Filter>Header Files\imgui</Filter>
    </ClInclude>
    <ClInclude Include="lib\imgui\imgui_impl_sdl3.h">
      <Filter>Header Files\imgui</Filter>
    </ClInclude>
    <ClInclude Include="lib\imgui\imgui_internal.h">
      <Filter>Header Files\imgui</Filter>
    </ClInclude>
    <ClInclude Include="lib\imgui\imstb_rectpack.h">
      <Filter>Header Files\imgui</Filter>
    </ClInclude>
    <ClInclude Include="lib\imgui\imstb_textedit.h">
      <Filter>Header Files\imgui</Filter>
    </ClInclude>
    <ClInclude Include="lib\imgui\imstb_truetype.h">
      <Filter>Header Files\imgui</Filter>
    </ClInclude>
    <ClInclude Include="include\gui\hierarchy_gui.h">
      <Filter>Header Files\gui</Filter>
    </ClInclude>
    <ClInclude Include="include\core\main.h">
      <Filter>Header Files\core</Filter>
    </ClInclude>
    <ClInclude Include="include\gui\scene_gui.h">
      <Filter>Header Files\gui</Filter>
    </ClInclude>
    <ClInclude Include="include\core\console.h">
      <Filter>Header Files\core</Filter>
    </ClInclude>
    <ClInclude Include="include\graphics\textures\render_texture.h">
      <Filter>Header Files\graphics\textures</Filter>
    </ClInclude>
    <ClInclude Include="include\graphics\shader.h">
      <Filter>Header Files\graphics</Filter>
    </ClInclude>
    <ClInclude Include="include\graphics\textures\texture2d.h">
      <Filter>Header Files\graphics\textures</Filter>
    </ClInclude>
    <ClInclude Include="include\core\camera.h">
      <Filter>Header Files\core</Filter>
    </ClInclude>
    <ClInclude Include="include\assembly_engine.h">
      <Filter>Header Files\core</Filter>
    </ClInclude>
    <ClInclude Include="include\graphics\renderable.h">
      <Filter>Header Files\graphics</Filter>
    </ClInclude>
    <ClInclude Include="include\core\resource_loader.h">
      <Filter>Header Files\core</Filter>
    </ClInclude>
    <ClInclude Include="include\graphics\material.h">
      <Filter>Header Files\core</Filter>
    </ClInclude>
    <ClInclude Include="include\core\component.h">
      <Filter>Header Files\core</Filter>
    </ClInclude>
    <ClInclude Include="include\core\time.h">
      <Filter>Header Files\core</Filter>
    </ClInclude>
    <ClInclude Include="include\core\input.h">
      <Filter>Header Files\core</Filter>
    </ClInclude>
    <ClInclude Include="include\core\player_settings.h">
      <Filter>Header Files\core</Filter>
    </ClInclude>
    <ClInclude Include="include\graphics\render_pipeline.h">
      <Filter>Header Files\graphics</Filter>
    </ClInclude>
    <ClInclude Include="include\core\transform.h">
      <Filter>Header Files\core</Filter>
    </ClInclude>
    <ClInclude Include="lib\stb_image.h">
      <Filter>Header Files</Filter>
    </ClInclude>
    <ClInclude Include="include\graphics\mesh.h">
      <Filter>Header Files\graphics</Filter>
    </ClInclude>
    <ClInclude Include="include\graphics\vertex_attribute.h">
      <Filter>Header Files\graphics</Filter>
    </ClInclude>
    <ClInclude Include="include\core\engine_object.h">
      <Filter>Header Files\core</Filter>
    </ClInclude>
    <ClInclude Include="include\core\engine.h">
      <Filter>Header Files</Filter>
    </ClInclude>
    <ClInclude Include="include\core\transform.fwd.h">
      <Filter>Header Files\core</Filter>
    </ClInclude>
    <ClInclude Include="include\core\engine_object.fwd.h">
      <Filter>Header Files\core</Filter>
    </ClInclude>
    <ClInclude Include="include\graphics\model_definition.h">
      <Filter>Header Files\graphics</Filter>
    </ClInclude>
    <ClInclude Include="include\graphics\models\cube.h">
      <Filter>Header Files\graphics\models</Filter>
    </ClInclude>
    <ClInclude Include="include\core\physics\aabb.h">
      <Filter>Header Files</Filter>
    </ClInclude>
    <ClInclude Include="game\include\world\world_manager.h">
      <Filter>Header Files</Filter>
    </ClInclude>
    <ClInclude Include="game\include\world\sub_chunk.h">
      <Filter>Header Files</Filter>
    </ClInclude>
    <ClInclude Include="game\include\world\chunk.h">
      <Filter>Header Files</Filter>
    </ClInclude>
    <ClInclude Include="game\include\world\chunk_builder.h">
      <Filter>Header Files</Filter>
    </ClInclude>
    <ClInclude Include="game\include\world\block_storage.h">
      <Filter>Header Files</Filter>
    </ClInclude>
    <ClInclude Include="include\data\palette_compressor.h">
      <Filter>Header Files</Filter>
    </ClInclude>
    <ClInclude Include="game\include\data\block_type.h">
      <Filter>Header Files</Filter>
    </ClInclude>
    <ClInclude Include="game\include\world\naive_block_storage.h">
      <Filter>Header Files</Filter>
    </ClInclude>
    <ClInclude Include="game\include\helpers\coordinate_helper.h">
      <Filter>Header Files</Filter>
    </ClInclude>
    <ClInclude Include="game\include\world\world_properties.h">
      <Filter>Header Files</Filter>
    </ClInclude>
    <ClInclude Include="game\include\enums\direction.h">
      <Filter>Header Files</Filter>
    </ClInclude>
    <ClInclude Include="game\include\data\block.h">
      <Filter>Header Files</Filter>
    </ClInclude>
    <ClInclude Include="game\include\helpers\atlas_helpers.h">
      <Filter>Header Files</Filter>
    </ClInclude>
    <ClInclude Include="include\graphics\models\fullscreen_quad_mesh.h">
      <Filter>Header Files</Filter>
    </ClInclude>
    <ClInclude Include="include\graphics\post_processing\post_effect.h">
      <Filter>Header Files</Filter>
    </ClInclude>
    <ClInclude Include="F:\Downloads\FastNoiseLite.h">
      <Filter>Header Files</Filter>
    </ClInclude>
    <ClInclude Include="game\include\world\FastNoiseLite.h">
      <Filter>Header Files</Filter>
    </ClInclude>
    <ClInclude Include="game\include\world\world_noise_generator.h">
      <Filter>Header Files</Filter>
    </ClInclude>
    <ClInclude Include="include\graphics\textures\depth_texture.h">
      <Filter>Header Files</Filter>
    </ClInclude>
    <ClInclude Include="texture_cube.h">
      <Filter>Header Files</Filter>
    </ClInclude>
    <ClInclude Include="game\include\player\player_movement.h">
      <Filter>Header Files</Filter>
    </ClInclude>
  </ItemGroup>
  <ItemGroup>
    <None Include="lib\imgui\imgui.ini" />
    <None Include="cpp.hint" />
    <None Include="packages.config" />
    <None Include="resources\shaders\block.vert" />
    <None Include="resources\shaders\block.frag" />
    <None Include="resources\shaders\internal\post_effect.vert" />
    <None Include="resources\shaders\internal\invert_effect.frag" />
    <None Include="resources\shaders\internal\gamma_correction_effect.frag" />
    <None Include="resources\shaders\internal\kernel_effect.frag" />
    <None Include="resources\shaders\internal\no_effect.frag" />
    <None Include="resources\shaders\internal\shadow.vert" />
    <None Include="resources\shaders\internal\shadow.frag" />
    <None Include="resources\shaders\internal\ase_lighting.glsl" />
    <None Include="resources\shaders\internal\ase.glsl" />
  </ItemGroup>
  <ItemGroup>
    <Image Include="resources\textures\brick_medieval.jpg">
      <Filter>Resource Files</Filter>
    </Image>
    <Image Include="resources\textures\creepfur.png">
      <Filter>Resource Files</Filter>
    </Image>
    <Image Include="resources\textures\tex_atlas.png">
      <Filter>Resource Files</Filter>
    </Image>
  </ItemGroup>
</Project>